
Microsoft Visual Studio Solution File, Format Version 12.00
# Visual Studio 2013
VisualStudioVersion = 12.0.21005.1
MinimumVisualStudioVersion = 10.0.40219.1
Project("{8BC9CEB8-8B4A-11D0-8D11-00A0C91BC942}") = "Resource", "..\Resource\Resource.vcxproj", "{469AD7A5-1A23-4F9D-B0FD-2A0F35F12CBC}"
EndProject
Project("{8BC9CEB8-8B4A-11D0-8D11-00A0C91BC942}") = "Scene", "..\Scene\Scene.vcxproj", "{380313E9-0304-40D3-ADC8-30103CA4B771}"
EndProject
Project("{8BC9CEB8-8B4A-11D0-8D11-00A0C91BC942}") = "Device", "..\Device\Device.vcxproj", "{F582AB1E-211C-4BDD-B00B-0644FD1ED2BC}"
EndProject
Project("{8BC9CEB8-8B4A-11D0-8D11-00A0C91BC942}") = "Render", "..\Render\Render.vcxproj", "{87C89E0A-7D0A-4ABB-80DC-23E887369CDE}"
EndProject
Project("{8BC9CEB8-8B4A-11D0-8D11-00A0C91BC942}") = "Demo", "..\..\..\examples\Demo\Demo.vcxproj", "{A84AEC46-BDB2-4427-BFD1-C38255881586}"
EndProject
Project("{8BC9CEB8-8B4A-11D0-8D11-00A0C91BC942}") = "MagicX", "MagicX\MagicX.vcxproj", "{1FE7F5CB-83CB-488B-BE5E-05A06FD8CB9E}"
EndProject
Project("{8BC9CEB8-8B4A-11D0-8D11-00A0C91BC942}") = "glew", "..\glew\glew.vcxproj", "{71165BDE-2360-46FD-AF14-43BBFB5E70B9}"
EndProject
Global
	GlobalSection(SolutionConfigurationPlatforms) = preSolution
		Debug|Win32 = Debug|Win32
		Release|Win32 = Release|Win32
	EndGlobalSection
	GlobalSection(ProjectConfigurationPlatforms) = postSolution
		{469AD7A5-1A23-4F9D-B0FD-2A0F35F12CBC}.Debug|Win32.ActiveCfg = Debug|Win32
		{469AD7A5-1A23-4F9D-B0FD-2A0F35F12CBC}.Debug|Win32.Build.0 = Debug|Win32
		{469AD7A5-1A23-4F9D-B0FD-2A0F35F12CBC}.Release|Win32.ActiveCfg = Release|Win32
		{469AD7A5-1A23-4F9D-B0FD-2A0F35F12CBC}.Release|Win32.Build.0 = Release|Win32
		{380313E9-0304-40D3-ADC8-30103CA4B771}.Debug|Win32.ActiveCfg = Debug|Win32
		{380313E9-0304-40D3-ADC8-30103CA4B771}.Debug|Win32.Build.0 = Debug|Win32
		{380313E9-0304-40D3-ADC8-30103CA4B771}.Release|Win32.ActiveCfg = Release|Win32
		{380313E9-0304-40D3-ADC8-30103CA4B771}.Release|Win32.Build.0 = Release|Win32
		{F582AB1E-211C-4BDD-B00B-0644FD1ED2BC}.Debug|Win32.ActiveCfg = Debug|Win32
		{F582AB1E-211C-4BDD-B00B-0644FD1ED2BC}.Debug|Win32.Build.0 = Debug|Win32
		{F582AB1E-211C-4BDD-B00B-0644FD1ED2BC}.Release|Win32.ActiveCfg = Release|Win32
		{F582AB1E-211C-4BDD-B00B-0644FD1ED2BC}.Release|Win32.Build.0 = Release|Win32
		{87C89E0A-7D0A-4ABB-80DC-23E887369CDE}.Debug|Win32.ActiveCfg = Debug|Win32
		{87C89E0A-7D0A-4ABB-80DC-23E887369CDE}.Debug|Win32.Build.0 = Debug|Win32
		{87C89E0A-7D0A-4ABB-80DC-23E887369CDE}.Release|Win32.ActiveCfg = Release|Win32
		{87C89E0A-7D0A-4ABB-80DC-23E887369CDE}.Release|Win32.Build.0 = Release|Win32
		{A84AEC46-BDB2-4427-BFD1-C38255881586}.Debug|Win32.ActiveCfg = Debug|Win32
		{A84AEC46-BDB2-4427-BFD1-C38255881586}.Debug|Win32.Build.0 = Debug|Win32
		{A84AEC46-BDB2-4427-BFD1-C38255881586}.Release|Win32.ActiveCfg = Release|Win32
		{A84AEC46-BDB2-4427-BFD1-C38255881586}.Release|Win32.Build.0 = Release|Win32
		{1FE7F5CB-83CB-488B-BE5E-05A06FD8CB9E}.Debug|Win32.ActiveCfg = Debug|Win32
		{1FE7F5CB-83CB-488B-BE5E-05A06FD8CB9E}.Debug|Win32.Build.0 = Debug|Win32
		{1FE7F5CB-83CB-488B-BE5E-05A06FD8CB9E}.Release|Win32.ActiveCfg = Release|Win32
		{1FE7F5CB-83CB-488B-BE5E-05A06FD8CB9E}.Release|Win32.Build.0 = Release|Win32
		{71165BDE-2360-46FD-AF14-43BBFB5E70B9}.Debug|Win32.ActiveCfg = Debug|Win32
		{71165BDE-2360-46FD-AF14-43BBFB5E70B9}.Debug|Win32.Build.0 = Debug|Win32
		{71165BDE-2360-46FD-AF14-43BBFB5E70B9}.Release|Win32.ActiveCfg = Release|Win32
		{71165BDE-2360-46FD-AF14-43BBFB5E70B9}.Release|Win32.Build.0 = Release|Win32
	EndGlobalSection
	GlobalSection(SolutionProperties) = preSolution
		HideSolutionNode = FALSE
	EndGlobalSection
EndGlobal
