<?xml version="1.0" encoding="utf-8"?>
<Project ToolsVersion="4.0" xmlns="http://schemas.microsoft.com/developer/msbuild/2003">
  <ItemGroup>
    <Filter Include="include">
      <UniqueIdentifier>{9663c577-0cd6-4c7d-96e0-0620d2d488cb}</UniqueIdentifier>
    </Filter>
    <Filter Include="scene">
      <UniqueIdentifier>{b7d73c48-2c80-4d77-a75e-185f27a66c44}</UniqueIdentifier>
    </Filter>
    <Filter Include="include\animation">
      <UniqueIdentifier>{b5c81a6b-bf5e-4ad3-b3de-807f980433ea}</UniqueIdentifier>
    </Filter>
    <Filter Include="scene\animation">
      <UniqueIdentifier>{8a29e942-f19f-4981-8707-3a3ba4554f50}</UniqueIdentifier>
    </Filter>
  </ItemGroup>
  <ItemGroup>
    <ClInclude Include="..\..\..\component\scene\include\IScene.h">
      <Filter>include</Filter>
    </ClInclude>
    <ClInclude Include="..\..\..\component\scene\include\ISceneNode.h">
      <Filter>include</Filter>
    </ClInclude>
    <ClInclude Include="..\..\..\component\scene\include\ITerrainSceneNode.h">
      <Filter>include</Filter>
    </ClInclude>
    <ClInclude Include="..\..\..\component\scene\include\IMesh.h">
      <Filter>include</Filter>
    </ClInclude>
    <ClInclude Include="..\..\..\component\scene\scene\CFrustum.h">
      <Filter>scene</Filter>
    </ClInclude>
    <ClInclude Include="..\..\..\component\scene\scene\CSkyBox.h">
      <Filter>scene</Filter>
    </ClInclude>
    <ClInclude Include="..\..\..\component\scene\scene\CCamera.h">
      <Filter>scene</Filter>
    </ClInclude>
    <ClInclude Include="..\..\..\component\scene\include\CSceneManager.h">
      <Filter>include</Filter>
    </ClInclude>
    <ClInclude Include="..\..\..\component\scene\scene\CScene.h">
      <Filter>scene</Filter>
    </ClInclude>
    <ClInclude Include="..\..\..\component\scene\include\IWaterSceneNode.h">
      <Filter>include</Filter>
    </ClInclude>
    <ClInclude Include="..\..\..\component\scene\scene\CSceneNode.h">
      <Filter>scene</Filter>
    </ClInclude>
    <ClInclude Include="..\..\..\component\scene\include\ISkyBoxSceneNode.h">
      <Filter>include</Filter>
    </ClInclude>
    <ClInclude Include="..\..\..\component\scene\include\ICameraSceneNode.h">
      <Filter>include</Filter>
    </ClInclude>
    <ClInclude Include="..\..\..\component\scene\scene\CTerrainEntity.h">
      <Filter>scene</Filter>
    </ClInclude>
    <ClInclude Include="..\..\..\component\scene\scene\CMesh.h">
      <Filter>scene</Filter>
    </ClInclude>
    <ClInclude Include="..\..\..\component\scene\include\CEntity.h">
      <Filter>include</Filter>
    </ClInclude>
    <ClInclude Include="..\..\..\component\scene\include\CVertexAnimation.h">
      <Filter>include\animation</Filter>
    </ClInclude>
    <ClInclude Include="..\..\..\component\scene\include\IAnimation.h">
      <Filter>include\animation</Filter>
    </ClInclude>
    <ClInclude Include="..\..\..\component\scene\include\CSkeletalAnimation.h">
      <Filter>include\animation</Filter>
    </ClInclude>
    <ClInclude Include="..\..\..\component\scene\include\AnimationType.h">
      <Filter>include\animation</Filter>
    </ClInclude>
  </ItemGroup>
  <ItemGroup>
    <ClCompile Include="..\..\..\component\scene\scene\CFrustum.cpp">
      <Filter>scene</Filter>
    </ClCompile>
    <ClCompile Include="..\..\..\component\scene\scene\CSceneManager.cpp">
      <Filter>scene</Filter>
    </ClCompile>
    <ClCompile Include="..\..\..\component\scene\scene\CSkyBox.cpp">
      <Filter>scene</Filter>
    </ClCompile>
    <ClCompile Include="..\..\..\component\scene\scene\CCamera.cpp">
      <Filter>scene</Filter>
    </ClCompile>
    <ClCompile Include="..\..\..\component\scene\scene\CScene.cpp">
      <Filter>scene</Filter>
    </ClCompile>
    <ClCompile Include="..\..\..\component\scene\scene\CSceneNode.cpp">
      <Filter>scene</Filter>
    </ClCompile>
    <ClCompile Include="..\..\..\component\scene\scene\CTerrainEntity.cpp">
      <Filter>scene</Filter>
    </ClCompile>
    <ClCompile Include="..\..\..\component\scene\scene\CMesh.cpp">
      <Filter>scene</Filter>
    </ClCompile>
    <ClCompile Include="..\..\..\component\scene\scene\CEntity.cpp">
      <Filter>scene</Filter>
    </ClCompile>
    <ClCompile Include="..\..\..\component\scene\scene\CVertexAnimation.cpp">
      <Filter>scene\animation</Filter>
    </ClCompile>
    <ClCompile Include="..\..\..\component\scene\scene\CSkeletalAnimation.cpp">
      <Filter>scene\animation</Filter>
    </ClCompile>
  </ItemGroup>
</Project>