// !$*UTF8*$!
{
	archiveVersion = 1;
	classes = {
	};
	objectVersion = 46;
	objects = {

/* Begin PBXBuildFile section */
		7431B5561F405A5D0097877E /* Log.cpp in Sources */ = {isa = PBXBuildFile; fileRef = 7431B50E1F405A5D0097877E /* Log.cpp */; };
		7431B5571F405A5D0097877E /* StringHelper.cpp in Sources */ = {isa = PBXBuildFile; fileRef = 7431B50F1F405A5D0097877E /* StringHelper.cpp */; };
		7431B5581F405A5D0097877E /* CSoftEngine.cpp in Sources */ = {isa = PBXBuildFile; fileRef = 7431B5101F405A5D0097877E /* CSoftEngine.cpp */; };
		7431B5591F405A5D0097877E /* CDeviceApple.mm in Sources */ = {isa = PBXBuildFile; fileRef = 7431B5141F405A5D0097877E /* CDeviceApple.mm */; };
		7431B55A1F405A5D0097877E /* CDeviceManager.cpp in Sources */ = {isa = PBXBuildFile; fileRef = 7431B5151F405A5D0097877E /* CDeviceManager.cpp */; };
		7431B55B1F405A5D0097877E /* CEventManager.cpp in Sources */ = {isa = PBXBuildFile; fileRef = 7431B5171F405A5D0097877E /* CEventManager.cpp */; };
		7431B55C1F405A5D0097877E /* CKeyEvent.cpp in Sources */ = {isa = PBXBuildFile; fileRef = 7431B5181F405A5D0097877E /* CKeyEvent.cpp */; };
		7431B55E1F405A5D0097877E /* CMaterial.cpp in Sources */ = {isa = PBXBuildFile; fileRef = 7431B51E1F405A5D0097877E /* CMaterial.cpp */; };
		7431B55F1F405A5D0097877E /* CMaterialManager.cpp in Sources */ = {isa = PBXBuildFile; fileRef = 7431B5201F405A5D0097877E /* CMaterialManager.cpp */; };
		7431B5601F405A5D0097877E /* CMesh.cpp in Sources */ = {isa = PBXBuildFile; fileRef = 7431B5221F405A5D0097877E /* CMesh.cpp */; };
		7431B5611F405A5D0097877E /* CRenderCell.cpp in Sources */ = {isa = PBXBuildFile; fileRef = 7431B5241F405A5D0097877E /* CRenderCell.cpp */; };
		7431B5621F405A5D0097877E /* CRenderQueue.cpp in Sources */ = {isa = PBXBuildFile; fileRef = 7431B5261F405A5D0097877E /* CRenderQueue.cpp */; };
		7431B5631F405A5D0097877E /* CTextureManager.cpp in Sources */ = {isa = PBXBuildFile; fileRef = 7431B5281F405A5D0097877E /* CTextureManager.cpp */; };
		7431B5641F405A5D0097877E /* CCPUBuffer.cpp in Sources */ = {isa = PBXBuildFile; fileRef = 7431B52B1F405A5D0097877E /* CCPUBuffer.cpp */; };
		7431B5651F405A5D0097877E /* CRasterizer.cpp in Sources */ = {isa = PBXBuildFile; fileRef = 7431B52D1F405A5D0097877E /* CRasterizer.cpp */; };
		7431B5661F405A5D0097877E /* CSoftRenderDriver.cpp in Sources */ = {isa = PBXBuildFile; fileRef = 7431B52F1F405A5D0097877E /* CSoftRenderDriver.cpp */; };
		7431B5671F405A5D0097877E /* CSoftRenderer.cpp in Sources */ = {isa = PBXBuildFile; fileRef = 7431B5311F405A5D0097877E /* CSoftRenderer.cpp */; };
		7431B5681F405A5D0097877E /* CSoftShaderProgram.cpp in Sources */ = {isa = PBXBuildFile; fileRef = 7431B5331F405A5D0097877E /* CSoftShaderProgram.cpp */; };
		7431B5691F405A5D0097877E /* CSoftTexture.cpp in Sources */ = {isa = PBXBuildFile; fileRef = 7431B5351F405A5D0097877E /* CSoftTexture.cpp */; };
		7431B56A1F405A5D0097877E /* STriangleMesh.cpp in Sources */ = {isa = PBXBuildFile; fileRef = 7431B5371F405A5D0097877E /* STriangleMesh.cpp */; };
		7431B56B1F405A5D0097877E /* CMaterialResource.cpp in Sources */ = {isa = PBXBuildFile; fileRef = 7431B53A1F405A5D0097877E /* CMaterialResource.cpp */; };
		7431B56C1F405A5D0097877E /* COBJResource.cpp in Sources */ = {isa = PBXBuildFile; fileRef = 7431B53C1F405A5D0097877E /* COBJResource.cpp */; };
		7431B56D1F405A5D0097877E /* CResourceManager.cpp in Sources */ = {isa = PBXBuildFile; fileRef = 7431B53E1F405A5D0097877E /* CResourceManager.cpp */; };
		7431B56E1F405A5D0097877E /* CSceneLoader.cpp in Sources */ = {isa = PBXBuildFile; fileRef = 7431B5401F405A5D0097877E /* CSceneLoader.cpp */; };
		7431B56F1F405A5D0097877E /* CSceneResource.cpp in Sources */ = {isa = PBXBuildFile; fileRef = 7431B5421F405A5D0097877E /* CSceneResource.cpp */; };
		7431B5701F405A5D0097877E /* CTGAImage.cpp in Sources */ = {isa = PBXBuildFile; fileRef = 7431B5441F405A5D0097877E /* CTGAImage.cpp */; };
		7431B5711F405A5D0097877E /* CCamera.cpp in Sources */ = {isa = PBXBuildFile; fileRef = 7431B5471F405A5D0097877E /* CCamera.cpp */; };
		7431B5721F405A5D0097877E /* CEntity.cpp in Sources */ = {isa = PBXBuildFile; fileRef = 7431B5491F405A5D0097877E /* CEntity.cpp */; };
		7431B5731F405A5D0097877E /* CModel.cpp in Sources */ = {isa = PBXBuildFile; fileRef = 7431B54B1F405A5D0097877E /* CModel.cpp */; };
		7431B5741F405A5D0097877E /* CScene.cpp in Sources */ = {isa = PBXBuildFile; fileRef = 7431B54D1F405A5D0097877E /* CScene.cpp */; };
		7431B5751F405A5D0097877E /* CSceneManager.cpp in Sources */ = {isa = PBXBuildFile; fileRef = 7431B54F1F405A5D0097877E /* CSceneManager.cpp */; };
		7431B5761F405A5D0097877E /* CSceneNode.cpp in Sources */ = {isa = PBXBuildFile; fileRef = 7431B5511F405A5D0097877E /* CSceneNode.cpp */; };
		7431B5771F405A5D0097877E /* CPointLight.cpp in Sources */ = {isa = PBXBuildFile; fileRef = 7431B5541F405A5D0097877E /* CPointLight.cpp */; };
/* End PBXBuildFile section */

/* Begin PBXCopyFilesBuildPhase section */
		7431B4B81F405A260097877E /* CopyFiles */ = {
			isa = PBXCopyFilesBuildPhase;
			buildActionMask = 2147483647;
			dstPath = "include/$(PRODUCT_NAME)";
			dstSubfolderSpec = 16;
			files = (
			);
			runOnlyForDeploymentPostprocessing = 0;
		};
/* End PBXCopyFilesBuildPhase section */

/* Begin PBXFileReference section */
		7431B4BA1F405A260097877E /* libse_apple.a */ = {isa = PBXFileReference; explicitFileType = archive.ar; includeInIndex = 0; path = libse_apple.a; sourceTree = BUILT_PRODUCTS_DIR; };
		7431B4C81F405A5D0097877E /* base.h */ = {isa = PBXFileReference; fileEncoding = 4; lastKnownFileType = sourcecode.c.h; path = base.h; sourceTree = "<group>"; };
		7431B4C91F405A5D0097877E /* CSingleton.h */ = {isa = PBXFileReference; fileEncoding = 4; lastKnownFileType = sourcecode.c.h; path = CSingleton.h; sourceTree = "<group>"; };
		7431B4CA1F405A5D0097877E /* EVariableType.h */ = {isa = PBXFileReference; fileEncoding = 4; lastKnownFileType = sourcecode.c.h; path = EVariableType.h; sourceTree = "<group>"; };
		7431B4CB1F405A5D0097877E /* Log.h */ = {isa = PBXFileReference; fileEncoding = 4; lastKnownFileType = sourcecode.c.h; path = Log.h; sourceTree = "<group>"; };
		7431B4CC1F405A5D0097877E /* seDef.h */ = {isa = PBXFileReference; fileEncoding = 4; lastKnownFileType = sourcecode.c.h; path = seDef.h; sourceTree = "<group>"; };
		7431B4CD1F405A5D0097877E /* seType.h */ = {isa = PBXFileReference; fileEncoding = 4; lastKnownFileType = sourcecode.c.h; path = seType.h; sourceTree = "<group>"; };
		7431B4CE1F405A5D0097877E /* StringHelper.h */ = {isa = PBXFileReference; fileEncoding = 4; lastKnownFileType = sourcecode.c.h; path = StringHelper.h; sourceTree = "<group>"; };
		7431B4CF1F405A5D0097877E /* VertexAttribute.h */ = {isa = PBXFileReference; fileEncoding = 4; lastKnownFileType = sourcecode.c.h; path = VertexAttribute.h; sourceTree = "<group>"; };
		7431B4D01F405A5D0097877E /* CSoftEngine.h */ = {isa = PBXFileReference; fileEncoding = 4; lastKnownFileType = sourcecode.c.h; path = CSoftEngine.h; sourceTree = "<group>"; };
		7431B4D21F405A5D0097877E /* CEventManager.h */ = {isa = PBXFileReference; fileEncoding = 4; lastKnownFileType = sourcecode.c.h; path = CEventManager.h; sourceTree = "<group>"; };
		7431B4D31F405A5D0097877E /* EEvent.h */ = {isa = PBXFileReference; fileEncoding = 4; lastKnownFileType = sourcecode.c.h; path = EEvent.h; sourceTree = "<group>"; };
		7431B4D41F405A5D0097877E /* IDevice.h */ = {isa = PBXFileReference; fileEncoding = 4; lastKnownFileType = sourcecode.c.h; path = IDevice.h; sourceTree = "<group>"; };
		7431B4D51F405A5D0097877E /* IDeviceManager.h */ = {isa = PBXFileReference; fileEncoding = 4; lastKnownFileType = sourcecode.c.h; path = IDeviceManager.h; sourceTree = "<group>"; };
		7431B4D61F405A5D0097877E /* IEvent.h */ = {isa = PBXFileReference; fileEncoding = 4; lastKnownFileType = sourcecode.c.h; path = IEvent.h; sourceTree = "<group>"; };
		7431B4D71F405A5D0097877E /* IKeyEvent.h */ = {isa = PBXFileReference; fileEncoding = 4; lastKnownFileType = sourcecode.c.h; path = IKeyEvent.h; sourceTree = "<group>"; };
		7431B4D91F405A5D0097877E /* CBoundingBox.h */ = {isa = PBXFileReference; fileEncoding = 4; lastKnownFileType = sourcecode.c.h; path = CBoundingBox.h; sourceTree = "<group>"; };
		7431B4DA1F405A5D0097877E /* CFrustum.h */ = {isa = PBXFileReference; fileEncoding = 4; lastKnownFileType = sourcecode.c.h; path = CFrustum.h; sourceTree = "<group>"; };
		7431B4DB1F405A5D0097877E /* CMatrix4.h */ = {isa = PBXFileReference; fileEncoding = 4; lastKnownFileType = sourcecode.c.h; path = CMatrix4.h; sourceTree = "<group>"; };
		7431B4DC1F405A5D0097877E /* CPlane3.h */ = {isa = PBXFileReference; fileEncoding = 4; lastKnownFileType = sourcecode.c.h; path = CPlane3.h; sourceTree = "<group>"; };
		7431B4DD1F405A5D0097877E /* CQuaternion.h */ = {isa = PBXFileReference; fileEncoding = 4; lastKnownFileType = sourcecode.c.h; path = CQuaternion.h; sourceTree = "<group>"; };
		7431B4DE1F405A5D0097877E /* CVector2.h */ = {isa = PBXFileReference; fileEncoding = 4; lastKnownFileType = sourcecode.c.h; path = CVector2.h; sourceTree = "<group>"; };
		7431B4DF1F405A5D0097877E /* CVector3.h */ = {isa = PBXFileReference; fileEncoding = 4; lastKnownFileType = sourcecode.c.h; path = CVector3.h; sourceTree = "<group>"; };
		7431B4E01F405A5D0097877E /* CVector4.h */ = {isa = PBXFileReference; fileEncoding = 4; lastKnownFileType = sourcecode.c.h; path = CVector4.h; sourceTree = "<group>"; };
		7431B4E21F405A5D0097877E /* IBuffer.h */ = {isa = PBXFileReference; fileEncoding = 4; lastKnownFileType = sourcecode.c.h; path = IBuffer.h; sourceTree = "<group>"; };
		7431B4E31F405A5D0097877E /* ILightModel.h */ = {isa = PBXFileReference; fileEncoding = 4; lastKnownFileType = sourcecode.c.h; path = ILightModel.h; sourceTree = "<group>"; };
		7431B4E41F405A5D0097877E /* IMaterial.h */ = {isa = PBXFileReference; fileEncoding = 4; lastKnownFileType = sourcecode.c.h; path = IMaterial.h; sourceTree = "<group>"; };
		7431B4E51F405A5D0097877E /* IMaterialManager.h */ = {isa = PBXFileReference; fileEncoding = 4; lastKnownFileType = sourcecode.c.h; path = IMaterialManager.h; sourceTree = "<group>"; };
		7431B4E61F405A5D0097877E /* IMesh.h */ = {isa = PBXFileReference; fileEncoding = 4; lastKnownFileType = sourcecode.c.h; path = IMesh.h; sourceTree = "<group>"; };
		7431B4E71F405A5D0097877E /* IRasterization.h */ = {isa = PBXFileReference; fileEncoding = 4; lastKnownFileType = sourcecode.c.h; path = IRasterization.h; sourceTree = "<group>"; };
		7431B4E81F405A5D0097877E /* IRenderCell.h */ = {isa = PBXFileReference; fileEncoding = 4; lastKnownFileType = sourcecode.c.h; path = IRenderCell.h; sourceTree = "<group>"; };
		7431B4E91F405A5D0097877E /* IRenderDriver.h */ = {isa = PBXFileReference; fileEncoding = 4; lastKnownFileType = sourcecode.c.h; path = IRenderDriver.h; sourceTree = "<group>"; };
		7431B4EA1F405A5D0097877E /* IRenderer.h */ = {isa = PBXFileReference; fileEncoding = 4; lastKnownFileType = sourcecode.c.h; path = IRenderer.h; sourceTree = "<group>"; };
		7431B4EB1F405A5D0097877E /* IRenderQueue.h */ = {isa = PBXFileReference; fileEncoding = 4; lastKnownFileType = sourcecode.c.h; path = IRenderQueue.h; sourceTree = "<group>"; };
		7431B4EC1F405A5D0097877E /* IShaderProgram.h */ = {isa = PBXFileReference; fileEncoding = 4; lastKnownFileType = sourcecode.c.h; path = IShaderProgram.h; sourceTree = "<group>"; };
		7431B4ED1F405A5D0097877E /* ITexture.h */ = {isa = PBXFileReference; fileEncoding = 4; lastKnownFileType = sourcecode.c.h; path = ITexture.h; sourceTree = "<group>"; };
		7431B4EE1F405A5D0097877E /* ITextureManager.h */ = {isa = PBXFileReference; fileEncoding = 4; lastKnownFileType = sourcecode.c.h; path = ITextureManager.h; sourceTree = "<group>"; };
		7431B4EF1F405A5D0097877E /* IUniform.h */ = {isa = PBXFileReference; fileEncoding = 4; lastKnownFileType = sourcecode.c.h; path = IUniform.h; sourceTree = "<group>"; };
		7431B4F11F405A5D0097877E /* IRenderStage.h */ = {isa = PBXFileReference; fileEncoding = 4; lastKnownFileType = sourcecode.c.h; path = IRenderStage.h; sourceTree = "<group>"; };
		7431B4F21F405A5D0097877E /* IRenderStageManager.h */ = {isa = PBXFileReference; fileEncoding = 4; lastKnownFileType = sourcecode.c.h; path = IRenderStageManager.h; sourceTree = "<group>"; };
		7431B4F31F405A5D0097877E /* ISceneGraphStage.h */ = {isa = PBXFileReference; fileEncoding = 4; lastKnownFileType = sourcecode.c.h; path = ISceneGraphStage.h; sourceTree = "<group>"; };
		7431B4F41F405A5D0097877E /* IShadowMapStage.h */ = {isa = PBXFileReference; fileEncoding = 4; lastKnownFileType = sourcecode.c.h; path = IShadowMapStage.h; sourceTree = "<group>"; };
		7431B4F51F405A5D0097877E /* SColor.h */ = {isa = PBXFileReference; fileEncoding = 4; lastKnownFileType = sourcecode.c.h; path = SColor.h; sourceTree = "<group>"; };
		7431B4F61F405A5D0097877E /* SRenderMemory.h */ = {isa = PBXFileReference; fileEncoding = 4; lastKnownFileType = sourcecode.c.h; path = SRenderMemory.h; sourceTree = "<group>"; };
		7431B4F71F405A5D0097877E /* SVertex.h */ = {isa = PBXFileReference; fileEncoding = 4; lastKnownFileType = sourcecode.c.h; path = SVertex.h; sourceTree = "<group>"; };
		7431B4F81F405A5D0097877E /* UniformDef.h */ = {isa = PBXFileReference; fileEncoding = 4; lastKnownFileType = sourcecode.c.h; path = UniformDef.h; sourceTree = "<group>"; };
		7431B4FA1F405A5D0097877E /* IImage.h */ = {isa = PBXFileReference; fileEncoding = 4; lastKnownFileType = sourcecode.c.h; path = IImage.h; sourceTree = "<group>"; };
		7431B4FB1F405A5D0097877E /* IMaterialResource.h */ = {isa = PBXFileReference; fileEncoding = 4; lastKnownFileType = sourcecode.c.h; path = IMaterialResource.h; sourceTree = "<group>"; };
		7431B4FC1F405A5D0097877E /* IOBJResource.h */ = {isa = PBXFileReference; fileEncoding = 4; lastKnownFileType = sourcecode.c.h; path = IOBJResource.h; sourceTree = "<group>"; };
		7431B4FD1F405A5D0097877E /* IResource.h */ = {isa = PBXFileReference; fileEncoding = 4; lastKnownFileType = sourcecode.c.h; path = IResource.h; sourceTree = "<group>"; };
		7431B4FE1F405A5D0097877E /* IResourceLoader.h */ = {isa = PBXFileReference; fileEncoding = 4; lastKnownFileType = sourcecode.c.h; path = IResourceLoader.h; sourceTree = "<group>"; };
		7431B4FF1F405A5D0097877E /* IResourceManager.h */ = {isa = PBXFileReference; fileEncoding = 4; lastKnownFileType = sourcecode.c.h; path = IResourceManager.h; sourceTree = "<group>"; };
		7431B5001F405A5D0097877E /* ISceneResource.h */ = {isa = PBXFileReference; fileEncoding = 4; lastKnownFileType = sourcecode.c.h; path = ISceneResource.h; sourceTree = "<group>"; };
		7431B5021F405A5D0097877E /* ICamera.h */ = {isa = PBXFileReference; fileEncoding = 4; lastKnownFileType = sourcecode.c.h; path = ICamera.h; sourceTree = "<group>"; };
		7431B5031F405A5D0097877E /* IEntity.h */ = {isa = PBXFileReference; fileEncoding = 4; lastKnownFileType = sourcecode.c.h; path = IEntity.h; sourceTree = "<group>"; };
		7431B5041F405A5D0097877E /* ILight.h */ = {isa = PBXFileReference; fileEncoding = 4; lastKnownFileType = sourcecode.c.h; path = ILight.h; sourceTree = "<group>"; };
		7431B5051F405A5D0097877E /* IModel.h */ = {isa = PBXFileReference; fileEncoding = 4; lastKnownFileType = sourcecode.c.h; path = IModel.h; sourceTree = "<group>"; };
		7431B5061F405A5D0097877E /* IScene.h */ = {isa = PBXFileReference; fileEncoding = 4; lastKnownFileType = sourcecode.c.h; path = IScene.h; sourceTree = "<group>"; };
		7431B5071F405A5D0097877E /* ISceneManager.h */ = {isa = PBXFileReference; fileEncoding = 4; lastKnownFileType = sourcecode.c.h; path = ISceneManager.h; sourceTree = "<group>"; };
		7431B5081F405A5D0097877E /* ISceneNode.h */ = {isa = PBXFileReference; fileEncoding = 4; lastKnownFileType = sourcecode.c.h; path = ISceneNode.h; sourceTree = "<group>"; };
		7431B5091F405A5D0097877E /* ISkyBox.h */ = {isa = PBXFileReference; fileEncoding = 4; lastKnownFileType = sourcecode.c.h; path = ISkyBox.h; sourceTree = "<group>"; };
		7431B50A1F405A5D0097877E /* ITerrain.h */ = {isa = PBXFileReference; fileEncoding = 4; lastKnownFileType = sourcecode.c.h; path = ITerrain.h; sourceTree = "<group>"; };
		7431B50B1F405A5D0097877E /* se.h */ = {isa = PBXFileReference; fileEncoding = 4; lastKnownFileType = sourcecode.c.h; path = se.h; sourceTree = "<group>"; };
		7431B50E1F405A5D0097877E /* Log.cpp */ = {isa = PBXFileReference; fileEncoding = 4; lastKnownFileType = sourcecode.cpp.cpp; path = Log.cpp; sourceTree = "<group>"; };
		7431B50F1F405A5D0097877E /* StringHelper.cpp */ = {isa = PBXFileReference; fileEncoding = 4; lastKnownFileType = sourcecode.cpp.cpp; path = StringHelper.cpp; sourceTree = "<group>"; };
		7431B5101F405A5D0097877E /* CSoftEngine.cpp */ = {isa = PBXFileReference; fileEncoding = 4; lastKnownFileType = sourcecode.cpp.cpp; path = CSoftEngine.cpp; sourceTree = "<group>"; };
		7431B5131F405A5D0097877E /* CDeviceApple.h */ = {isa = PBXFileReference; fileEncoding = 4; lastKnownFileType = sourcecode.c.h; path = CDeviceApple.h; sourceTree = "<group>"; };
		7431B5141F405A5D0097877E /* CDeviceApple.mm */ = {isa = PBXFileReference; fileEncoding = 4; lastKnownFileType = sourcecode.cpp.objcpp; path = CDeviceApple.mm; sourceTree = "<group>"; };
		7431B5151F405A5D0097877E /* CDeviceManager.cpp */ = {isa = PBXFileReference; fileEncoding = 4; lastKnownFileType = sourcecode.cpp.cpp; path = CDeviceManager.cpp; sourceTree = "<group>"; };
		7431B5161F405A5D0097877E /* CDeviceManager.h */ = {isa = PBXFileReference; fileEncoding = 4; lastKnownFileType = sourcecode.c.h; path = CDeviceManager.h; sourceTree = "<group>"; };
		7431B5171F405A5D0097877E /* CEventManager.cpp */ = {isa = PBXFileReference; fileEncoding = 4; lastKnownFileType = sourcecode.cpp.cpp; path = CEventManager.cpp; sourceTree = "<group>"; };
		7431B5181F405A5D0097877E /* CKeyEvent.cpp */ = {isa = PBXFileReference; fileEncoding = 4; lastKnownFileType = sourcecode.cpp.cpp; path = CKeyEvent.cpp; sourceTree = "<group>"; };
		7431B5191F405A5D0097877E /* CKeyEvent.h */ = {isa = PBXFileReference; fileEncoding = 4; lastKnownFileType = sourcecode.c.h; path = CKeyEvent.h; sourceTree = "<group>"; };
		7431B51E1F405A5D0097877E /* CMaterial.cpp */ = {isa = PBXFileReference; fileEncoding = 4; lastKnownFileType = sourcecode.cpp.cpp; path = CMaterial.cpp; sourceTree = "<group>"; };
		7431B51F1F405A5D0097877E /* CMaterial.h */ = {isa = PBXFileReference; fileEncoding = 4; lastKnownFileType = sourcecode.c.h; path = CMaterial.h; sourceTree = "<group>"; };
		7431B5201F405A5D0097877E /* CMaterialManager.cpp */ = {isa = PBXFileReference; fileEncoding = 4; lastKnownFileType = sourcecode.cpp.cpp; path = CMaterialManager.cpp; sourceTree = "<group>"; };
		7431B5211F405A5D0097877E /* CMaterialManager.h */ = {isa = PBXFileReference; fileEncoding = 4; lastKnownFileType = sourcecode.c.h; path = CMaterialManager.h; sourceTree = "<group>"; };
		7431B5221F405A5D0097877E /* CMesh.cpp */ = {isa = PBXFileReference; fileEncoding = 4; lastKnownFileType = sourcecode.cpp.cpp; path = CMesh.cpp; sourceTree = "<group>"; };
		7431B5231F405A5D0097877E /* CMesh.h */ = {isa = PBXFileReference; fileEncoding = 4; lastKnownFileType = sourcecode.c.h; path = CMesh.h; sourceTree = "<group>"; };
		7431B5241F405A5D0097877E /* CRenderCell.cpp */ = {isa = PBXFileReference; fileEncoding = 4; lastKnownFileType = sourcecode.cpp.cpp; path = CRenderCell.cpp; sourceTree = "<group>"; };
		7431B5251F405A5D0097877E /* CRenderCell.h */ = {isa = PBXFileReference; fileEncoding = 4; lastKnownFileType = sourcecode.c.h; path = CRenderCell.h; sourceTree = "<group>"; };
		7431B5261F405A5D0097877E /* CRenderQueue.cpp */ = {isa = PBXFileReference; fileEncoding = 4; lastKnownFileType = sourcecode.cpp.cpp; path = CRenderQueue.cpp; sourceTree = "<group>"; };
		7431B5271F405A5D0097877E /* CRenderQueue.h */ = {isa = PBXFileReference; fileEncoding = 4; lastKnownFileType = sourcecode.c.h; path = CRenderQueue.h; sourceTree = "<group>"; };
		7431B5281F405A5D0097877E /* CTextureManager.cpp */ = {isa = PBXFileReference; fileEncoding = 4; lastKnownFileType = sourcecode.cpp.cpp; path = CTextureManager.cpp; sourceTree = "<group>"; };
		7431B5291F405A5D0097877E /* CTextureManager.h */ = {isa = PBXFileReference; fileEncoding = 4; lastKnownFileType = sourcecode.c.h; path = CTextureManager.h; sourceTree = "<group>"; };
		7431B52B1F405A5D0097877E /* CCPUBuffer.cpp */ = {isa = PBXFileReference; fileEncoding = 4; lastKnownFileType = sourcecode.cpp.cpp; path = CCPUBuffer.cpp; sourceTree = "<group>"; };
		7431B52C1F405A5D0097877E /* CCPUBuffer.h */ = {isa = PBXFileReference; fileEncoding = 4; lastKnownFileType = sourcecode.c.h; path = CCPUBuffer.h; sourceTree = "<group>"; };
		7431B52D1F405A5D0097877E /* CRasterizer.cpp */ = {isa = PBXFileReference; fileEncoding = 4; lastKnownFileType = sourcecode.cpp.cpp; path = CRasterizer.cpp; sourceTree = "<group>"; };
		7431B52E1F405A5D0097877E /* CRasterizer.h */ = {isa = PBXFileReference; fileEncoding = 4; lastKnownFileType = sourcecode.c.h; path = CRasterizer.h; sourceTree = "<group>"; };
		7431B52F1F405A5D0097877E /* CSoftRenderDriver.cpp */ = {isa = PBXFileReference; fileEncoding = 4; lastKnownFileType = sourcecode.cpp.cpp; path = CSoftRenderDriver.cpp; sourceTree = "<group>"; };
		7431B5301F405A5D0097877E /* CSoftRenderDriver.h */ = {isa = PBXFileReference; fileEncoding = 4; lastKnownFileType = sourcecode.c.h; path = CSoftRenderDriver.h; sourceTree = "<group>"; };
		7431B5311F405A5D0097877E /* CSoftRenderer.cpp */ = {isa = PBXFileReference; fileEncoding = 4; lastKnownFileType = sourcecode.cpp.cpp; path = CSoftRenderer.cpp; sourceTree = "<group>"; };
		7431B5321F405A5D0097877E /* CSoftRenderer.h */ = {isa = PBXFileReference; fileEncoding = 4; lastKnownFileType = sourcecode.c.h; path = CSoftRenderer.h; sourceTree = "<group>"; };
		7431B5331F405A5D0097877E /* CSoftShaderProgram.cpp */ = {isa = PBXFileReference; fileEncoding = 4; lastKnownFileType = sourcecode.cpp.cpp; path = CSoftShaderProgram.cpp; sourceTree = "<group>"; };
		7431B5341F405A5D0097877E /* CSoftShaderProgram.h */ = {isa = PBXFileReference; fileEncoding = 4; lastKnownFileType = sourcecode.c.h; path = CSoftShaderProgram.h; sourceTree = "<group>"; };
		7431B5351F405A5D0097877E /* CSoftTexture.cpp */ = {isa = PBXFileReference; fileEncoding = 4; lastKnownFileType = sourcecode.cpp.cpp; path = CSoftTexture.cpp; sourceTree = "<group>"; };
		7431B5361F405A5D0097877E /* CSoftTexture.h */ = {isa = PBXFileReference; fileEncoding = 4; lastKnownFileType = sourcecode.c.h; path = CSoftTexture.h; sourceTree = "<group>"; };
		7431B5371F405A5D0097877E /* STriangleMesh.cpp */ = {isa = PBXFileReference; fileEncoding = 4; lastKnownFileType = sourcecode.cpp.cpp; path = STriangleMesh.cpp; sourceTree = "<group>"; };
		7431B5381F405A5D0097877E /* STriangleMesh.h */ = {isa = PBXFileReference; fileEncoding = 4; lastKnownFileType = sourcecode.c.h; path = STriangleMesh.h; sourceTree = "<group>"; };
		7431B53A1F405A5D0097877E /* CMaterialResource.cpp */ = {isa = PBXFileReference; fileEncoding = 4; lastKnownFileType = sourcecode.cpp.cpp; path = CMaterialResource.cpp; sourceTree = "<group>"; };
		7431B53B1F405A5D0097877E /* CMaterialResource.h */ = {isa = PBXFileReference; fileEncoding = 4; lastKnownFileType = sourcecode.c.h; path = CMaterialResource.h; sourceTree = "<group>"; };
		7431B53C1F405A5D0097877E /* COBJResource.cpp */ = {isa = PBXFileReference; fileEncoding = 4; lastKnownFileType = sourcecode.cpp.cpp; path = COBJResource.cpp; sourceTree = "<group>"; };
		7431B53D1F405A5D0097877E /* COBJResource.h */ = {isa = PBXFileReference; fileEncoding = 4; lastKnownFileType = sourcecode.c.h; path = COBJResource.h; sourceTree = "<group>"; };
		7431B53E1F405A5D0097877E /* CResourceManager.cpp */ = {isa = PBXFileReference; fileEncoding = 4; lastKnownFileType = sourcecode.cpp.cpp; path = CResourceManager.cpp; sourceTree = "<group>"; };
		7431B53F1F405A5D0097877E /* CResourceManager.h */ = {isa = PBXFileReference; fileEncoding = 4; lastKnownFileType = sourcecode.c.h; path = CResourceManager.h; sourceTree = "<group>"; };
		7431B5401F405A5D0097877E /* CSceneLoader.cpp */ = {isa = PBXFileReference; fileEncoding = 4; lastKnownFileType = sourcecode.cpp.cpp; path = CSceneLoader.cpp; sourceTree = "<group>"; };
		7431B5411F405A5D0097877E /* CSceneLoader.h */ = {isa = PBXFileReference; fileEncoding = 4; lastKnownFileType = sourcecode.c.h; path = CSceneLoader.h; sourceTree = "<group>"; };
		7431B5421F405A5D0097877E /* CSceneResource.cpp */ = {isa = PBXFileReference; fileEncoding = 4; lastKnownFileType = sourcecode.cpp.cpp; path = CSceneResource.cpp; sourceTree = "<group>"; };
		7431B5431F405A5D0097877E /* CSceneResource.h */ = {isa = PBXFileReference; fileEncoding = 4; lastKnownFileType = sourcecode.c.h; path = CSceneResource.h; sourceTree = "<group>"; };
		7431B5441F405A5D0097877E /* CTGAImage.cpp */ = {isa = PBXFileReference; fileEncoding = 4; lastKnownFileType = sourcecode.cpp.cpp; path = CTGAImage.cpp; sourceTree = "<group>"; };
		7431B5451F405A5D0097877E /* CTGAImage.h */ = {isa = PBXFileReference; fileEncoding = 4; lastKnownFileType = sourcecode.c.h; path = CTGAImage.h; sourceTree = "<group>"; };
		7431B5471F405A5D0097877E /* CCamera.cpp */ = {isa = PBXFileReference; fileEncoding = 4; lastKnownFileType = sourcecode.cpp.cpp; path = CCamera.cpp; sourceTree = "<group>"; };
		7431B5481F405A5D0097877E /* CCamera.h */ = {isa = PBXFileReference; fileEncoding = 4; lastKnownFileType = sourcecode.c.h; path = CCamera.h; sourceTree = "<group>"; };
		7431B5491F405A5D0097877E /* CEntity.cpp */ = {isa = PBXFileReference; fileEncoding = 4; lastKnownFileType = sourcecode.cpp.cpp; path = CEntity.cpp; sourceTree = "<group>"; };
		7431B54A1F405A5D0097877E /* CEntity.h */ = {isa = PBXFileReference; fileEncoding = 4; lastKnownFileType = sourcecode.c.h; path = CEntity.h; sourceTree = "<group>"; };
		7431B54B1F405A5D0097877E /* CModel.cpp */ = {isa = PBXFileReference; fileEncoding = 4; lastKnownFileType = sourcecode.cpp.cpp; path = CModel.cpp; sourceTree = "<group>"; };
		7431B54C1F405A5D0097877E /* CModel.h */ = {isa = PBXFileReference; fileEncoding = 4; lastKnownFileType = sourcecode.c.h; path = CModel.h; sourceTree = "<group>"; };
		7431B54D1F405A5D0097877E /* CScene.cpp */ = {isa = PBXFileReference; fileEncoding = 4; lastKnownFileType = sourcecode.cpp.cpp; path = CScene.cpp; sourceTree = "<group>"; };
		7431B54E1F405A5D0097877E /* CScene.h */ = {isa = PBXFileReference; fileEncoding = 4; lastKnownFileType = sourcecode.c.h; path = CScene.h; sourceTree = "<group>"; };
		7431B54F1F405A5D0097877E /* CSceneManager.cpp */ = {isa = PBXFileReference; fileEncoding = 4; lastKnownFileType = sourcecode.cpp.cpp; path = CSceneManager.cpp; sourceTree = "<group>"; };
		7431B5501F405A5D0097877E /* CSceneManager.h */ = {isa = PBXFileReference; fileEncoding = 4; lastKnownFileType = sourcecode.c.h; path = CSceneManager.h; sourceTree = "<group>"; };
		7431B5511F405A5D0097877E /* CSceneNode.cpp */ = {isa = PBXFileReference; fileEncoding = 4; lastKnownFileType = sourcecode.cpp.cpp; path = CSceneNode.cpp; sourceTree = "<group>"; };
		7431B5521F405A5D0097877E /* CSceneNode.h */ = {isa = PBXFileReference; fileEncoding = 4; lastKnownFileType = sourcecode.c.h; path = CSceneNode.h; sourceTree = "<group>"; };
		7431B5541F405A5D0097877E /* CPointLight.cpp */ = {isa = PBXFileReference; fileEncoding = 4; lastKnownFileType = sourcecode.cpp.cpp; path = CPointLight.cpp; sourceTree = "<group>"; };
		7431B5551F405A5D0097877E /* CPointLight.h */ = {isa = PBXFileReference; fileEncoding = 4; lastKnownFileType = sourcecode.c.h; path = CPointLight.h; sourceTree = "<group>"; };
		7471FC711F4FA69F00B94673 /* IGestureEvent.h */ = {isa = PBXFileReference; fileEncoding = 4; lastKnownFileType = sourcecode.c.h; path = IGestureEvent.h; sourceTree = "<group>"; };
/* End PBXFileReference section */

/* Begin PBXFrameworksBuildPhase section */
		7431B4B71F405A260097877E /* Frameworks */ = {
			isa = PBXFrameworksBuildPhase;
			buildActionMask = 2147483647;
			files = (
			);
			runOnlyForDeploymentPostprocessing = 0;
		};
/* End PBXFrameworksBuildPhase section */

/* Begin PBXGroup section */
		7431B4B11F405A260097877E = {
			isa = PBXGroup;
			children = (
				7431B4C61F405A5D0097877E /* inc */,
				7431B50C1F405A5D0097877E /* src */,
				7431B4BB1F405A260097877E /* Products */,
			);
			sourceTree = "<group>";
		};
		7431B4BB1F405A260097877E /* Products */ = {
			isa = PBXGroup;
			children = (
				7431B4BA1F405A260097877E /* libse_apple.a */,
			);
			name = Products;
			sourceTree = "<group>";
		};
		7431B4C61F405A5D0097877E /* inc */ = {
			isa = PBXGroup;
			children = (
				7431B4C71F405A5D0097877E /* base */,
				7431B4D01F405A5D0097877E /* CSoftEngine.h */,
				7431B4D11F405A5D0097877E /* device */,
				7431B4D81F405A5D0097877E /* math */,
				7431B4E11F405A5D0097877E /* render */,
				7431B4F91F405A5D0097877E /* resource */,
				7431B5011F405A5D0097877E /* scene */,
				7431B50B1F405A5D0097877E /* se.h */,
			);
			name = inc;
			path = ../../inc;
			sourceTree = "<group>";
		};
		7431B4C71F405A5D0097877E /* base */ = {
			isa = PBXGroup;
			children = (
				7431B4C81F405A5D0097877E /* base.h */,
				7431B4C91F405A5D0097877E /* CSingleton.h */,
				7431B4CA1F405A5D0097877E /* EVariableType.h */,
				7431B4CB1F405A5D0097877E /* Log.h */,
				7431B4CC1F405A5D0097877E /* seDef.h */,
				7431B4CD1F405A5D0097877E /* seType.h */,
				7431B4CE1F405A5D0097877E /* StringHelper.h */,
				7431B4CF1F405A5D0097877E /* VertexAttribute.h */,
			);
			path = base;
			sourceTree = "<group>";
		};
		7431B4D11F405A5D0097877E /* device */ = {
			isa = PBXGroup;
			children = (
				7431B4D21F405A5D0097877E /* CEventManager.h */,
				7431B4D31F405A5D0097877E /* EEvent.h */,
				7431B4D41F405A5D0097877E /* IDevice.h */,
				7431B4D51F405A5D0097877E /* IDeviceManager.h */,
				7431B4D61F405A5D0097877E /* IEvent.h */,
				7431B4D71F405A5D0097877E /* IKeyEvent.h */,
				7471FC711F4FA69F00B94673 /* IGestureEvent.h */,
			);
			path = device;
			sourceTree = "<group>";
		};
		7431B4D81F405A5D0097877E /* math */ = {
			isa = PBXGroup;
			children = (
				7431B4D91F405A5D0097877E /* CBoundingBox.h */,
				7431B4DA1F405A5D0097877E /* CFrustum.h */,
				7431B4DB1F405A5D0097877E /* CMatrix4.h */,
				7431B4DC1F405A5D0097877E /* CPlane3.h */,
				7431B4DD1F405A5D0097877E /* CQuaternion.h */,
				7431B4DE1F405A5D0097877E /* CVector2.h */,
				7431B4DF1F405A5D0097877E /* CVector3.h */,
				7431B4E01F405A5D0097877E /* CVector4.h */,
			);
			path = math;
			sourceTree = "<group>";
		};
		7431B4E11F405A5D0097877E /* render */ = {
			isa = PBXGroup;
			children = (
				7431B4E21F405A5D0097877E /* IBuffer.h */,
				7431B4E31F405A5D0097877E /* ILightModel.h */,
				7431B4E41F405A5D0097877E /* IMaterial.h */,
				7431B4E51F405A5D0097877E /* IMaterialManager.h */,
				7431B4E61F405A5D0097877E /* IMesh.h */,
				7431B4E71F405A5D0097877E /* IRasterization.h */,
				7431B4E81F405A5D0097877E /* IRenderCell.h */,
				7431B4E91F405A5D0097877E /* IRenderDriver.h */,
				7431B4EA1F405A5D0097877E /* IRenderer.h */,
				7431B4EB1F405A5D0097877E /* IRenderQueue.h */,
				7431B4EC1F405A5D0097877E /* IShaderProgram.h */,
				7431B4ED1F405A5D0097877E /* ITexture.h */,
				7431B4EE1F405A5D0097877E /* ITextureManager.h */,
				7431B4EF1F405A5D0097877E /* IUniform.h */,
				7431B4F01F405A5D0097877E /* RenderStage */,
				7431B4F51F405A5D0097877E /* SColor.h */,
				7431B4F61F405A5D0097877E /* SRenderMemory.h */,
				7431B4F71F405A5D0097877E /* SVertex.h */,
				7431B4F81F405A5D0097877E /* UniformDef.h */,
			);
			path = render;
			sourceTree = "<group>";
		};
		7431B4F01F405A5D0097877E /* RenderStage */ = {
			isa = PBXGroup;
			children = (
				7431B4F11F405A5D0097877E /* IRenderStage.h */,
				7431B4F21F405A5D0097877E /* IRenderStageManager.h */,
				7431B4F31F405A5D0097877E /* ISceneGraphStage.h */,
				7431B4F41F405A5D0097877E /* IShadowMapStage.h */,
			);
			path = RenderStage;
			sourceTree = "<group>";
		};
		7431B4F91F405A5D0097877E /* resource */ = {
			isa = PBXGroup;
			children = (
				7431B4FA1F405A5D0097877E /* IImage.h */,
				7431B4FB1F405A5D0097877E /* IMaterialResource.h */,
				7431B4FC1F405A5D0097877E /* IOBJResource.h */,
				7431B4FD1F405A5D0097877E /* IResource.h */,
				7431B4FE1F405A5D0097877E /* IResourceLoader.h */,
				7431B4FF1F405A5D0097877E /* IResourceManager.h */,
				7431B5001F405A5D0097877E /* ISceneResource.h */,
			);
			path = resource;
			sourceTree = "<group>";
		};
		7431B5011F405A5D0097877E /* scene */ = {
			isa = PBXGroup;
			children = (
				7431B5021F405A5D0097877E /* ICamera.h */,
				7431B5031F405A5D0097877E /* IEntity.h */,
				7431B5041F405A5D0097877E /* ILight.h */,
				7431B5051F405A5D0097877E /* IModel.h */,
				7431B5061F405A5D0097877E /* IScene.h */,
				7431B5071F405A5D0097877E /* ISceneManager.h */,
				7431B5081F405A5D0097877E /* ISceneNode.h */,
				7431B5091F405A5D0097877E /* ISkyBox.h */,
				7431B50A1F405A5D0097877E /* ITerrain.h */,
			);
			path = scene;
			sourceTree = "<group>";
		};
		7431B50C1F405A5D0097877E /* src */ = {
			isa = PBXGroup;
			children = (
				7431B50D1F405A5D0097877E /* base */,
				7431B5101F405A5D0097877E /* CSoftEngine.cpp */,
				7431B5111F405A5D0097877E /* device */,
				7431B51D1F405A5D0097877E /* render */,
				7431B5391F405A5D0097877E /* resource */,
				7431B5461F405A5D0097877E /* scene */,
			);
			name = src;
			path = ../../src;
			sourceTree = "<group>";
		};
		7431B50D1F405A5D0097877E /* base */ = {
			isa = PBXGroup;
			children = (
				7431B50E1F405A5D0097877E /* Log.cpp */,
				7431B50F1F405A5D0097877E /* StringHelper.cpp */,
			);
			path = base;
			sourceTree = "<group>";
		};
		7431B5111F405A5D0097877E /* device */ = {
			isa = PBXGroup;
			children = (
				7431B5121F405A5D0097877E /* apple */,
				7431B5151F405A5D0097877E /* CDeviceManager.cpp */,
				7431B5161F405A5D0097877E /* CDeviceManager.h */,
				7431B5171F405A5D0097877E /* CEventManager.cpp */,
				7431B5181F405A5D0097877E /* CKeyEvent.cpp */,
				7431B5191F405A5D0097877E /* CKeyEvent.h */,
			);
			path = device;
			sourceTree = "<group>";
		};
		7431B5121F405A5D0097877E /* apple */ = {
			isa = PBXGroup;
			children = (
				7431B5131F405A5D0097877E /* CDeviceApple.h */,
				7431B5141F405A5D0097877E /* CDeviceApple.mm */,
			);
			path = apple;
			sourceTree = "<group>";
		};
		7431B51D1F405A5D0097877E /* render */ = {
			isa = PBXGroup;
			children = (
				7431B51E1F405A5D0097877E /* CMaterial.cpp */,
				7431B51F1F405A5D0097877E /* CMaterial.h */,
				7431B5201F405A5D0097877E /* CMaterialManager.cpp */,
				7431B5211F405A5D0097877E /* CMaterialManager.h */,
				7431B5221F405A5D0097877E /* CMesh.cpp */,
				7431B5231F405A5D0097877E /* CMesh.h */,
				7431B5241F405A5D0097877E /* CRenderCell.cpp */,
				7431B5251F405A5D0097877E /* CRenderCell.h */,
				7431B5261F405A5D0097877E /* CRenderQueue.cpp */,
				7431B5271F405A5D0097877E /* CRenderQueue.h */,
				7431B5281F405A5D0097877E /* CTextureManager.cpp */,
				7431B5291F405A5D0097877E /* CTextureManager.h */,
				7431B52A1F405A5D0097877E /* software */,
				7431B5371F405A5D0097877E /* STriangleMesh.cpp */,
				7431B5381F405A5D0097877E /* STriangleMesh.h */,
			);
			path = render;
			sourceTree = "<group>";
		};
		7431B52A1F405A5D0097877E /* software */ = {
			isa = PBXGroup;
			children = (
				7431B52B1F405A5D0097877E /* CCPUBuffer.cpp */,
				7431B52C1F405A5D0097877E /* CCPUBuffer.h */,
				7431B52D1F405A5D0097877E /* CRasterizer.cpp */,
				7431B52E1F405A5D0097877E /* CRasterizer.h */,
				7431B52F1F405A5D0097877E /* CSoftRenderDriver.cpp */,
				7431B5301F405A5D0097877E /* CSoftRenderDriver.h */,
				7431B5311F405A5D0097877E /* CSoftRenderer.cpp */,
				7431B5321F405A5D0097877E /* CSoftRenderer.h */,
				7431B5331F405A5D0097877E /* CSoftShaderProgram.cpp */,
				7431B5341F405A5D0097877E /* CSoftShaderProgram.h */,
				7431B5351F405A5D0097877E /* CSoftTexture.cpp */,
				7431B5361F405A5D0097877E /* CSoftTexture.h */,
			);
			path = software;
			sourceTree = "<group>";
		};
		7431B5391F405A5D0097877E /* resource */ = {
			isa = PBXGroup;
			children = (
				7431B53A1F405A5D0097877E /* CMaterialResource.cpp */,
				7431B53B1F405A5D0097877E /* CMaterialResource.h */,
				7431B53C1F405A5D0097877E /* COBJResource.cpp */,
				7431B53D1F405A5D0097877E /* COBJResource.h */,
				7431B53E1F405A5D0097877E /* CResourceManager.cpp */,
				7431B53F1F405A5D0097877E /* CResourceManager.h */,
				7431B5401F405A5D0097877E /* CSceneLoader.cpp */,
				7431B5411F405A5D0097877E /* CSceneLoader.h */,
				7431B5421F405A5D0097877E /* CSceneResource.cpp */,
				7431B5431F405A5D0097877E /* CSceneResource.h */,
				7431B5441F405A5D0097877E /* CTGAImage.cpp */,
				7431B5451F405A5D0097877E /* CTGAImage.h */,
			);
			path = resource;
			sourceTree = "<group>";
		};
		7431B5461F405A5D0097877E /* scene */ = {
			isa = PBXGroup;
			children = (
				7431B5471F405A5D0097877E /* CCamera.cpp */,
				7431B5481F405A5D0097877E /* CCamera.h */,
				7431B5491F405A5D0097877E /* CEntity.cpp */,
				7431B54A1F405A5D0097877E /* CEntity.h */,
				7431B54B1F405A5D0097877E /* CModel.cpp */,
				7431B54C1F405A5D0097877E /* CModel.h */,
				7431B54D1F405A5D0097877E /* CScene.cpp */,
				7431B54E1F405A5D0097877E /* CScene.h */,
				7431B54F1F405A5D0097877E /* CSceneManager.cpp */,
				7431B5501F405A5D0097877E /* CSceneManager.h */,
				7431B5511F405A5D0097877E /* CSceneNode.cpp */,
				7431B5521F405A5D0097877E /* CSceneNode.h */,
				7431B5531F405A5D0097877E /* light */,
			);
			path = scene;
			sourceTree = "<group>";
		};
		7431B5531F405A5D0097877E /* light */ = {
			isa = PBXGroup;
			children = (
				7431B5541F405A5D0097877E /* CPointLight.cpp */,
				7431B5551F405A5D0097877E /* CPointLight.h */,
			);
			path = light;
			sourceTree = "<group>";
		};
/* End PBXGroup section */

/* Begin PBXNativeTarget section */
		7431B4B91F405A260097877E /* se_apple */ = {
			isa = PBXNativeTarget;
			buildConfigurationList = 7431B4C31F405A260097877E /* Build configuration list for PBXNativeTarget "se_apple" */;
			buildPhases = (
				7431B4B61F405A260097877E /* Sources */,
				7431B4B71F405A260097877E /* Frameworks */,
				7431B4B81F405A260097877E /* CopyFiles */,
			);
			buildRules = (
			);
			dependencies = (
			);
			name = se_apple;
			productName = se_apple;
			productReference = 7431B4BA1F405A260097877E /* libse_apple.a */;
			productType = "com.apple.product-type.library.static";
		};
/* End PBXNativeTarget section */

/* Begin PBXProject section */
		7431B4B21F405A260097877E /* Project object */ = {
			isa = PBXProject;
			attributes = {
				LastUpgradeCheck = 0830;
				ORGANIZATIONNAME = xyj;
				TargetAttributes = {
					7431B4B91F405A260097877E = {
						CreatedOnToolsVersion = 8.3.3;
						ProvisioningStyle = Automatic;
					};
				};
			};
			buildConfigurationList = 7431B4B51F405A260097877E /* Build configuration list for PBXProject "se_apple" */;
			compatibilityVersion = "Xcode 3.2";
			developmentRegion = English;
			hasScannedForEncodings = 0;
			knownRegions = (
				en,
			);
			mainGroup = 7431B4B11F405A260097877E;
			productRefGroup = 7431B4BB1F405A260097877E /* Products */;
			projectDirPath = "";
			projectRoot = "";
			targets = (
				7431B4B91F405A260097877E /* se_apple */,
			);
		};
/* End PBXProject section */

/* Begin PBXSourcesBuildPhase section */
		7431B4B61F405A260097877E /* Sources */ = {
			isa = PBXSourcesBuildPhase;
			buildActionMask = 2147483647;
			files = (
				7431B5721F405A5D0097877E /* CEntity.cpp in Sources */,
				7431B5611F405A5D0097877E /* CRenderCell.cpp in Sources */,
				7431B56E1F405A5D0097877E /* CSceneLoader.cpp in Sources */,
				7431B5731F405A5D0097877E /* CModel.cpp in Sources */,
				7431B5651F405A5D0097877E /* CRasterizer.cpp in Sources */,
				7431B5561F405A5D0097877E /* Log.cpp in Sources */,
				7431B55A1F405A5D0097877E /* CDeviceManager.cpp in Sources */,
				7431B5601F405A5D0097877E /* CMesh.cpp in Sources */,
				7431B5681F405A5D0097877E /* CSoftShaderProgram.cpp in Sources */,
				7431B5641F405A5D0097877E /* CCPUBuffer.cpp in Sources */,
				7431B56C1F405A5D0097877E /* COBJResource.cpp in Sources */,
				7431B5751F405A5D0097877E /* CSceneManager.cpp in Sources */,
				7431B55F1F405A5D0097877E /* CMaterialManager.cpp in Sources */,
				7431B5741F405A5D0097877E /* CScene.cpp in Sources */,
				7431B5621F405A5D0097877E /* CRenderQueue.cpp in Sources */,
				7431B55E1F405A5D0097877E /* CMaterial.cpp in Sources */,
				7431B5761F405A5D0097877E /* CSceneNode.cpp in Sources */,
				7431B5671F405A5D0097877E /* CSoftRenderer.cpp in Sources */,
				7431B5631F405A5D0097877E /* CTextureManager.cpp in Sources */,
				7431B5691F405A5D0097877E /* CSoftTexture.cpp in Sources */,
				7431B56D1F405A5D0097877E /* CResourceManager.cpp in Sources */,
				7431B56B1F405A5D0097877E /* CMaterialResource.cpp in Sources */,
				7431B5661F405A5D0097877E /* CSoftRenderDriver.cpp in Sources */,
				7431B56F1F405A5D0097877E /* CSceneResource.cpp in Sources */,
				7431B5581F405A5D0097877E /* CSoftEngine.cpp in Sources */,
				7431B55B1F405A5D0097877E /* CEventManager.cpp in Sources */,
				7431B55C1F405A5D0097877E /* CKeyEvent.cpp in Sources */,
				7431B5711F405A5D0097877E /* CCamera.cpp in Sources */,
				7431B5701F405A5D0097877E /* CTGAImage.cpp in Sources */,
				7431B5771F405A5D0097877E /* CPointLight.cpp in Sources */,
				7431B5591F405A5D0097877E /* CDeviceApple.mm in Sources */,
				7431B56A1F405A5D0097877E /* STriangleMesh.cpp in Sources */,
				7431B5571F405A5D0097877E /* StringHelper.cpp in Sources */,
			);
			runOnlyForDeploymentPostprocessing = 0;
		};
/* End PBXSourcesBuildPhase section */

/* Begin XCBuildConfiguration section */
		7431B4C11F405A260097877E /* Debug */ = {
			isa = XCBuildConfiguration;
			buildSettings = {
				ALWAYS_SEARCH_USER_PATHS = NO;
				CLANG_ANALYZER_NONNULL = YES;
				CLANG_ANALYZER_NUMBER_OBJECT_CONVERSION = YES_AGGRESSIVE;
				CLANG_CXX_LANGUAGE_STANDARD = "gnu++0x";
				CLANG_CXX_LIBRARY = "libc++";
				CLANG_ENABLE_MODULES = YES;
				CLANG_ENABLE_OBJC_ARC = YES;
				CLANG_WARN_BOOL_CONVERSION = YES;
				CLANG_WARN_CONSTANT_CONVERSION = YES;
				CLANG_WARN_DIRECT_OBJC_ISA_USAGE = YES_ERROR;
				CLANG_WARN_DOCUMENTATION_COMMENTS = YES;
				CLANG_WARN_EMPTY_BODY = YES;
				CLANG_WARN_ENUM_CONVERSION = YES;
				CLANG_WARN_INFINITE_RECURSION = YES;
				CLANG_WARN_INT_CONVERSION = YES;
				CLANG_WARN_OBJC_ROOT_CLASS = YES_ERROR;
				CLANG_WARN_SUSPICIOUS_MOVE = YES;
				CLANG_WARN_UNREACHABLE_CODE = YES;
				CLANG_WARN__DUPLICATE_METHOD_MATCH = YES;
				"CODE_SIGN_IDENTITY[sdk=iphoneos*]" = "iPhone Developer";
				COPY_PHASE_STRIP = NO;
				DEBUG_INFORMATION_FORMAT = dwarf;
				ENABLE_STRICT_OBJC_MSGSEND = YES;
				ENABLE_TESTABILITY = YES;
				GCC_C_LANGUAGE_STANDARD = gnu99;
				GCC_DYNAMIC_NO_PIC = NO;
				GCC_NO_COMMON_BLOCKS = YES;
				GCC_OPTIMIZATION_LEVEL = 0;
				GCC_PREPROCESSOR_DEFINITIONS = (
					"DEBUG=1",
					"$(inherited)",
				);
				GCC_WARN_64_TO_32_BIT_CONVERSION = YES;
				GCC_WARN_ABOUT_RETURN_TYPE = YES_ERROR;
				GCC_WARN_UNDECLARED_SELECTOR = YES;
				GCC_WARN_UNINITIALIZED_AUTOS = YES_AGGRESSIVE;
				GCC_WARN_UNUSED_FUNCTION = YES;
				GCC_WARN_UNUSED_VARIABLE = YES;
				IPHONEOS_DEPLOYMENT_TARGET = 10.3;
				MTL_ENABLE_DEBUG_INFO = YES;
				ONLY_ACTIVE_ARCH = YES;
				SDKROOT = iphoneos;
			};
			name = Debug;
		};
		7431B4C21F405A260097877E /* Release */ = {
			isa = XCBuildConfiguration;
			buildSettings = {
				ALWAYS_SEARCH_USER_PATHS = NO;
				CLANG_ANALYZER_NONNULL = YES;
				CLANG_ANALYZER_NUMBER_OBJECT_CONVERSION = YES_AGGRESSIVE;
				CLANG_CXX_LANGUAGE_STANDARD = "gnu++0x";
				CLANG_CXX_LIBRARY = "libc++";
				CLANG_ENABLE_MODULES = YES;
				CLANG_ENABLE_OBJC_ARC = YES;
				CLANG_WARN_BOOL_CONVERSION = YES;
				CLANG_WARN_CONSTANT_CONVERSION = YES;
				CLANG_WARN_DIRECT_OBJC_ISA_USAGE = YES_ERROR;
				CLANG_WARN_DOCUMENTATION_COMMENTS = YES;
				CLANG_WARN_EMPTY_BODY = YES;
				CLANG_WARN_ENUM_CONVERSION = YES;
				CLANG_WARN_INFINITE_RECURSION = YES;
				CLANG_WARN_INT_CONVERSION = YES;
				CLANG_WARN_OBJC_ROOT_CLASS = YES_ERROR;
				CLANG_WARN_SUSPICIOUS_MOVE = YES;
				CLANG_WARN_UNREACHABLE_CODE = YES;
				CLANG_WARN__DUPLICATE_METHOD_MATCH = YES;
				"CODE_SIGN_IDENTITY[sdk=iphoneos*]" = "iPhone Developer";
				COPY_PHASE_STRIP = NO;
				DEBUG_INFORMATION_FORMAT = "dwarf-with-dsym";
				ENABLE_NS_ASSERTIONS = NO;
				ENABLE_STRICT_OBJC_MSGSEND = YES;
				GCC_C_LANGUAGE_STANDARD = gnu99;
				GCC_NO_COMMON_BLOCKS = YES;
				GCC_WARN_64_TO_32_BIT_CONVERSION = YES;
				GCC_WARN_ABOUT_RETURN_TYPE = YES_ERROR;
				GCC_WARN_UNDECLARED_SELECTOR = YES;
				GCC_WARN_UNINITIALIZED_AUTOS = YES_AGGRESSIVE;
				GCC_WARN_UNUSED_FUNCTION = YES;
				GCC_WARN_UNUSED_VARIABLE = YES;
				IPHONEOS_DEPLOYMENT_TARGET = 10.3;
				MTL_ENABLE_DEBUG_INFO = NO;
				SDKROOT = iphoneos;
				VALIDATE_PRODUCT = YES;
			};
			name = Release;
		};
		7431B4C41F405A260097877E /* Debug */ = {
			isa = XCBuildConfiguration;
			buildSettings = {
				HEADER_SEARCH_PATHS = "../../inc/**";
				OTHER_LDFLAGS = "-ObjC";
				PRODUCT_NAME = "$(TARGET_NAME)";
				SKIP_INSTALL = YES;
			};
			name = Debug;
		};
		7431B4C51F405A260097877E /* Release */ = {
			isa = XCBuildConfiguration;
			buildSettings = {
				HEADER_SEARCH_PATHS = "../../inc/**";
				OTHER_LDFLAGS = "-ObjC";
				PRODUCT_NAME = "$(TARGET_NAME)";
				SKIP_INSTALL = YES;
			};
			name = Release;
		};
/* End XCBuildConfiguration section */

/* Begin XCConfigurationList section */
		7431B4B51F405A260097877E /* Build configuration list for PBXProject "se_apple" */ = {
			isa = XCConfigurationList;
			buildConfigurations = (
				7431B4C11F405A260097877E /* Debug */,
				7431B4C21F405A260097877E /* Release */,
			);
			defaultConfigurationIsVisible = 0;
			defaultConfigurationName = Release;
		};
		7431B4C31F405A260097877E /* Build configuration list for PBXNativeTarget "se_apple" */ = {
			isa = XCConfigurationList;
			buildConfigurations = (
				7431B4C41F405A260097877E /* Debug */,
				7431B4C51F405A260097877E /* Release */,
			);
			defaultConfigurationIsVisible = 0;
			defaultConfigurationName = Release;
		};
/* End XCConfigurationList section */
	};
	rootObject = 7431B4B21F405A260097877E /* Project object */;
}
