<?xml version="1.0" encoding="utf-8"?>
<Project ToolsVersion="4.0" xmlns="http://schemas.microsoft.com/developer/msbuild/2003">
  <ItemGroup>
    <Filter Include="include">
      <UniqueIdentifier>{aea94b9b-7b55-42a5-9a3f-583f0cb524c1}</UniqueIdentifier>
    </Filter>
    <Filter Include="gui">
      <UniqueIdentifier>{c4197854-58d6-40cb-b750-6f222e4d32c0}</UniqueIdentifier>
    </Filter>
  </ItemGroup>
  <ItemGroup>
    <ClInclude Include="..\..\..\component\gui\include\CGUIManager.h">
      <Filter>include</Filter>
    </ClInclude>
  </ItemGroup>
  <ItemGroup>
    <ClCompile Include="..\..\..\component\gui\gui\CGUIManager.cpp">
      <Filter>gui</Filter>
    </ClCompile>
  </ItemGroup>
</Project>