
Microsoft Visual Studio Solution File, Format Version 12.00
# Visual Studio 2013
VisualStudioVersion = 12.0.21005.1
MinimumVisualStudioVersion = 10.0.40219.1
Project("{8BC9CEB8-8B4A-11D0-8D11-00A0C91BC942}") = "MagicX", "MagicX\MagicX.vcxproj", "{AABC5704-3BD5-4CE9-A996-9EFA8EB8A6D0}"
EndProject
Project("{8BC9CEB8-8B4A-11D0-8D11-00A0C91BC942}") = "SceneRoam", "..\..\..\examples\SceneRoam\SceneRoam\SceneRoam.vcxproj", "{2649733A-2988-4021-B235-C9753C21FD60}"
EndProject
Project("{8BC9CEB8-8B4A-11D0-8D11-00A0C91BC942}") = "Cube", "..\..\..\examples\Cube\Cube\Cube.vcxproj", "{B8960EEB-70E2-41E0-9211-97E228FE66B1}"
EndProject
Project("{8BC9CEB8-8B4A-11D0-8D11-00A0C91BC942}") = "Shadow", "..\..\..\examples\Shadow\Shadow\Shadow.vcxproj", "{F4FCE0A2-E611-45BA-A0F9-D04239AF94E5}"
EndProject
Global
	GlobalSection(SolutionConfigurationPlatforms) = preSolution
		Debug|Win32 = Debug|Win32
		Debug|x64 = Debug|x64
		Release|Win32 = Release|Win32
		Release|x64 = Release|x64
	EndGlobalSection
	GlobalSection(ProjectConfigurationPlatforms) = postSolution
		{AABC5704-3BD5-4CE9-A996-9EFA8EB8A6D0}.Debug|Win32.ActiveCfg = Debug|Win32
		{AABC5704-3BD5-4CE9-A996-9EFA8EB8A6D0}.Debug|Win32.Build.0 = Debug|Win32
		{AABC5704-3BD5-4CE9-A996-9EFA8EB8A6D0}.Debug|x64.ActiveCfg = Debug|Win32
		{AABC5704-3BD5-4CE9-A996-9EFA8EB8A6D0}.Release|Win32.ActiveCfg = Release|Win32
		{AABC5704-3BD5-4CE9-A996-9EFA8EB8A6D0}.Release|Win32.Build.0 = Release|Win32
		{AABC5704-3BD5-4CE9-A996-9EFA8EB8A6D0}.Release|x64.ActiveCfg = Release|Win32
		{2649733A-2988-4021-B235-C9753C21FD60}.Debug|Win32.ActiveCfg = Debug|Win32
		{2649733A-2988-4021-B235-C9753C21FD60}.Debug|Win32.Build.0 = Debug|Win32
		{2649733A-2988-4021-B235-C9753C21FD60}.Debug|x64.ActiveCfg = Debug|Win32
		{2649733A-2988-4021-B235-C9753C21FD60}.Release|Win32.ActiveCfg = Release|Win32
		{2649733A-2988-4021-B235-C9753C21FD60}.Release|Win32.Build.0 = Release|Win32
		{2649733A-2988-4021-B235-C9753C21FD60}.Release|x64.ActiveCfg = Release|Win32
		{B8960EEB-70E2-41E0-9211-97E228FE66B1}.Debug|Win32.ActiveCfg = Debug|Win32
		{B8960EEB-70E2-41E0-9211-97E228FE66B1}.Debug|Win32.Build.0 = Debug|Win32
		{B8960EEB-70E2-41E0-9211-97E228FE66B1}.Debug|x64.ActiveCfg = Debug|Win32
		{B8960EEB-70E2-41E0-9211-97E228FE66B1}.Release|Win32.ActiveCfg = Release|Win32
		{B8960EEB-70E2-41E0-9211-97E228FE66B1}.Release|Win32.Build.0 = Release|Win32
		{B8960EEB-70E2-41E0-9211-97E228FE66B1}.Release|x64.ActiveCfg = Release|Win32
		{F4FCE0A2-E611-45BA-A0F9-D04239AF94E5}.Debug|Win32.ActiveCfg = Debug|Win32
		{F4FCE0A2-E611-45BA-A0F9-D04239AF94E5}.Debug|Win32.Build.0 = Debug|Win32
		{F4FCE0A2-E611-45BA-A0F9-D04239AF94E5}.Debug|x64.ActiveCfg = Debug|Win32
		{F4FCE0A2-E611-45BA-A0F9-D04239AF94E5}.Release|Win32.ActiveCfg = Release|Win32
		{F4FCE0A2-E611-45BA-A0F9-D04239AF94E5}.Release|Win32.Build.0 = Release|Win32
		{F4FCE0A2-E611-45BA-A0F9-D04239AF94E5}.Release|x64.ActiveCfg = Release|Win32
	EndGlobalSection
	GlobalSection(SolutionProperties) = preSolution
		HideSolutionNode = FALSE
	EndGlobalSection
EndGlobal
