<?xml version="1.0" encoding="utf-8"?>
<Project ToolsVersion="4.0" xmlns="http://schemas.microsoft.com/developer/msbuild/2003">
  <ItemGroup>
    <Filter Include="include">
      <UniqueIdentifier>{d6b305d2-ec46-4019-b55b-11a9890d1c8a}</UniqueIdentifier>
    </Filter>
    <Filter Include="io">
      <UniqueIdentifier>{383e6314-2019-45fa-8952-3f29446680c2}</UniqueIdentifier>
    </Filter>
  </ItemGroup>
  <ItemGroup>
    <ClInclude Include="..\..\..\component\io\include\IStream.h">
      <Filter>include</Filter>
    </ClInclude>
    <ClInclude Include="..\..\..\component\io\include\IBuffer.h">
      <Filter>include</Filter>
    </ClInclude>
    <ClInclude Include="..\..\..\component\io\include\CResourceManager.h">
      <Filter>include</Filter>
    </ClInclude>
    <ClInclude Include="..\..\..\component\io\include\CFileStream.h">
      <Filter>include</Filter>
    </ClInclude>
  </ItemGroup>
  <ItemGroup>
    <ClCompile Include="..\..\..\component\io\io\CFileStream.cpp">
      <Filter>io</Filter>
    </ClCompile>
  </ItemGroup>
</Project>