<?xml version="1.0" encoding="utf-8"?>
<Project ToolsVersion="4.0" xmlns="http://schemas.microsoft.com/developer/msbuild/2003">
  <ItemGroup>
    <Filter Include="include">
      <UniqueIdentifier>{9b671fcd-abe1-46a2-9053-d3ca83dda562}</UniqueIdentifier>
    </Filter>
    <Filter Include="source">
      <UniqueIdentifier>{81b11b10-8300-428b-a575-b2564b6bfe28}</UniqueIdentifier>
    </Filter>
  </ItemGroup>
  <ItemGroup>
    <ClCompile Include="main.cpp">
      <Filter>source</Filter>
    </ClCompile>
    <ClCompile Include="CGreedySnake.cpp">
      <Filter>source</Filter>
    </ClCompile>
    <ClCompile Include="CGameUnit.cpp">
      <Filter>source</Filter>
    </ClCompile>
    <ClCompile Include="CPlayer.cpp">
      <Filter>source</Filter>
    </ClCompile>
    <ClCompile Include="CNPC.cpp">
      <Filter>source</Filter>
    </ClCompile>
    <ClCompile Include="CHero.cpp">
      <Filter>source</Filter>
    </ClCompile>
    <ClCompile Include="CGameData.cpp">
      <Filter>source</Filter>
    </ClCompile>
  </ItemGroup>
  <ItemGroup>
    <ClInclude Include="CGreedySnake.h">
      <Filter>include</Filter>
    </ClInclude>
    <ClInclude Include="CPlayer.h">
      <Filter>include</Filter>
    </ClInclude>
    <ClInclude Include="CNPC.h">
      <Filter>include</Filter>
    </ClInclude>
    <ClInclude Include="CGameData.h">
      <Filter>include</Filter>
    </ClInclude>
    <ClInclude Include="CHero.h">
      <Filter>include</Filter>
    </ClInclude>
    <ClInclude Include="CGameUnit.h">
      <Filter>include</Filter>
    </ClInclude>
  </ItemGroup>
</Project>