<?xml version="1.0" encoding="utf-8"?>
<Project ToolsVersion="4.0" xmlns="http://schemas.microsoft.com/developer/msbuild/2003">
  <ItemGroup>
    <Filter Include="include">
      <UniqueIdentifier>{9f4f354a-28e0-4349-b1de-2f26804ee6f0}</UniqueIdentifier>
    </Filter>
    <Filter Include="source">
      <UniqueIdentifier>{e8bea1dd-ecd5-444c-a612-197e465e38e0}</UniqueIdentifier>
    </Filter>
  </ItemGroup>
  <ItemGroup>
    <ClCompile Include="main.cpp">
      <Filter>source</Filter>
    </ClCompile>
    <ClCompile Include="CSphereEntity.cpp">
      <Filter>source</Filter>
    </ClCompile>
    <ClCompile Include="CHouse.cpp">
      <Filter>source</Filter>
    </ClCompile>
  </ItemGroup>
  <ItemGroup>
    <ClInclude Include="CSphereEntity.h">
      <Filter>include</Filter>
    </ClInclude>
    <ClInclude Include="CHouse.h">
      <Filter>include</Filter>
    </ClInclude>
  </ItemGroup>
</Project>